
Microsoft Visual Studio Solution File, Format Version 12.00
# Visual Studio Version 17
VisualStudioVersion = 17.13.35931.197 d17.13
MinimumVisualStudioVersion = 10.0.40219.1
Project("{FAE04EC0-301F-11D3-BF4B-00C04F79EFBC}") = "05.12.2025Task5Record", "05.12.2025Task5Record\05.12.2025Task5Record.csproj", "{1C0E2701-9B8B-4238-9991-6E9EBA08E72F}"
EndProject
Global
	GlobalSection(SolutionConfigurationPlatforms) = preSolution
		Debug|Any CPU = Debug|Any CPU
		Release|Any CPU = Release|Any CPU
	EndGlobalSection
	GlobalSection(ProjectConfigurationPlatforms) = postSolution
		{1C0E2701-9B8B-4238-9991-6E9EBA08E72F}.Debug|Any CPU.ActiveCfg = Debug|Any CPU
		{1C0E2701-9B8B-4238-9991-6E9EBA08E72F}.Debug|Any CPU.Build.0 = Debug|Any CPU
		{1C0E2701-9B8B-4238-9991-6E9EBA08E72F}.Release|Any CPU.ActiveCfg = Release|Any CPU
		{1C0E2701-9B8B-4238-9991-6E9EBA08E72F}.Release|Any CPU.Build.0 = Release|Any CPU
	EndGlobalSection
	GlobalSection(SolutionProperties) = preSolution
		HideSolutionNode = FALSE
	EndGlobalSection
	GlobalSection(ExtensibilityGlobals) = postSolution
		SolutionGuid = {F67605A0-B936-40E8-A7F9-AE97BB56737C}
	EndGlobalSection
EndGlobal
